{
  "name": "web",
  "version": "0.1.0",
  "lockfileVersion": 1,
  "requires": true,
  "dependencies": {
    "@rescripts/rescript-use-babel-config": {
      "version": "0.0.10",
      "resolved": "https://registry.npmjs.org/@rescripts/rescript-use-babel-config/-/rescript-use-babel-config-0.0.10.tgz",
      "integrity": "sha512-S+b7X54Q1/CmMjxe0p2d7UHISDy+DnLlGDFyGulJJBY8PuOsHt1BqSzKqJAOt5S1LpcZ756YW3umK0clp5u+eQ==",
      "dev": true,
      "requires": {
        "@rescripts/utilities": "^0.0.7"
      }
    },
    "@rescripts/utilities": {
      "version": "0.0.7",
      "resolved": "https://registry.npmjs.org/@rescripts/utilities/-/utilities-0.0.7.tgz",
      "integrity": "sha512-kdk4qvNYXOH7mVJCP/URokp5J+1HCR+tT1Zgtp8X9hLywn6WoKlU/tQ2ECB/NPOHrZjp/DGXWeQBAchLXV8q2w==",
      "dev": true,
      "requires": {
        "ramda": "^0.26.0"
      }
    },
    "@types/node": {
      "version": "12.19.11"
    },
    "ramda": {
      "version": "0.26.1",
      "resolved": "https://registry.npmjs.org/ramda/-/ramda-0.26.1.tgz",
      "integrity": "sha512-hLWjpy7EnsDBb0p+Z3B7rPi3GDeRG5ZtiI33kJhTt+ORCd38AbAIjB/9zRIUoeTbE/AVX5ZkU7m6bznsvrf8eQ==",
      "dev": true
    }
  }
}
